// !$*UTF8*$!
{
	archiveVersion = 1;
	classes = {
	};
	objectVersion = 50;
	objects = {

/* Begin PBXBuildFile section */
		31E6006B3907376F977B6698 /* Pods_RealIine.framework in Frameworks */ = {isa = PBXBuildFile; fileRef = 8481DC2D9A2DBAED175B4287 /* Pods_RealIine.framework */; };
		8E94FE9D21C4A89F00F2230D /* AppDelegate.swift in Sources */ = {isa = PBXBuildFile; fileRef = 8E94FE9C21C4A89F00F2230D /* AppDelegate.swift */; };
		8E94FE9F21C4A89F00F2230D /* ViewController.swift in Sources */ = {isa = PBXBuildFile; fileRef = 8E94FE9E21C4A89F00F2230D /* ViewController.swift */; };
		8E94FEA221C4A89F00F2230D /* Main.storyboard in Resources */ = {isa = PBXBuildFile; fileRef = 8E94FEA021C4A89F00F2230D /* Main.storyboard */; };
		8E94FEA421C4A89F00F2230D /* Assets.xcassets in Resources */ = {isa = PBXBuildFile; fileRef = 8E94FEA321C4A89F00F2230D /* Assets.xcassets */; };
		8E94FEA721C4A89F00F2230D /* LaunchScreen.storyboard in Resources */ = {isa = PBXBuildFile; fileRef = 8E94FEA521C4A89F00F2230D /* LaunchScreen.storyboard */; };
		8E94FEAF21C4AECC00F2230D /* SettingViewController.swift in Sources */ = {isa = PBXBuildFile; fileRef = 8E94FEAE21C4AECC00F2230D /* SettingViewController.swift */; };
/* End PBXBuildFile section */

/* Begin PBXFileReference section */
		8481DC2D9A2DBAED175B4287 /* Pods_RealIine.framework */ = {isa = PBXFileReference; explicitFileType = wrapper.framework; includeInIndex = 0; path = Pods_RealIine.framework; sourceTree = BUILT_PRODUCTS_DIR; };
		8E94FE9921C4A89F00F2230D /* RealIine.app */ = {isa = PBXFileReference; explicitFileType = wrapper.application; includeInIndex = 0; path = RealIine.app; sourceTree = BUILT_PRODUCTS_DIR; };
		8E94FE9C21C4A89F00F2230D /* AppDelegate.swift */ = {isa = PBXFileReference; lastKnownFileType = sourcecode.swift; path = AppDelegate.swift; sourceTree = "<group>"; };
		8E94FE9E21C4A89F00F2230D /* ViewController.swift */ = {isa = PBXFileReference; lastKnownFileType = sourcecode.swift; path = ViewController.swift; sourceTree = "<group>"; };
		8E94FEA121C4A89F00F2230D /* Base */ = {isa = PBXFileReference; lastKnownFileType = file.storyboard; name = Base; path = Base.lproj/Main.storyboard; sourceTree = "<group>"; };
		8E94FEA321C4A89F00F2230D /* Assets.xcassets */ = {isa = PBXFileReference; lastKnownFileType = folder.assetcatalog; path = Assets.xcassets; sourceTree = "<group>"; };
		8E94FEA621C4A89F00F2230D /* Base */ = {isa = PBXFileReference; lastKnownFileType = file.storyboard; name = Base; path = Base.lproj/LaunchScreen.storyboard; sourceTree = "<group>"; };
		8E94FEA821C4A89F00F2230D /* Info.plist */ = {isa = PBXFileReference; lastKnownFileType = text.plist.xml; path = Info.plist; sourceTree = "<group>"; };
		8E94FEAE21C4AECC00F2230D /* SettingViewController.swift */ = {isa = PBXFileReference; lastKnownFileType = sourcecode.swift; path = SettingViewController.swift; sourceTree = "<group>"; };
		BF4C8A0801C80E4FF75BA90E /* Pods-RealIine.debug.xcconfig */ = {isa = PBXFileReference; includeInIndex = 1; lastKnownFileType = text.xcconfig; name = "Pods-RealIine.debug.xcconfig"; path = "Pods/Target Support Files/Pods-RealIine/Pods-RealIine.debug.xcconfig"; sourceTree = "<group>"; };
		C673076C2A642E3927AEAFE0 /* Pods-RealIine.release.xcconfig */ = {isa = PBXFileReference; includeInIndex = 1; lastKnownFileType = text.xcconfig; name = "Pods-RealIine.release.xcconfig"; path = "Pods/Target Support Files/Pods-RealIine/Pods-RealIine.release.xcconfig"; sourceTree = "<group>"; };
/* End PBXFileReference section */

/* Begin PBXFrameworksBuildPhase section */
		8E94FE9621C4A89F00F2230D /* Frameworks */ = {
			isa = PBXFrameworksBuildPhase;
			buildActionMask = 2147483647;
			files = (
				31E6006B3907376F977B6698 /* Pods_RealIine.framework in Frameworks */,
			);
			runOnlyForDeploymentPostprocessing = 0;
		};
/* End PBXFrameworksBuildPhase section */

/* Begin PBXGroup section */
		14F1EBC51E904CB8FA051AA2 /* Pods */ = {
			isa = PBXGroup;
			children = (
				BF4C8A0801C80E4FF75BA90E /* Pods-RealIine.debug.xcconfig */,
				C673076C2A642E3927AEAFE0 /* Pods-RealIine.release.xcconfig */,
			);
			name = Pods;
			sourceTree = "<group>";
		};
		708D19C50A8BEF2652610DE4 /* Frameworks */ = {
			isa = PBXGroup;
			children = (
				8481DC2D9A2DBAED175B4287 /* Pods_RealIine.framework */,
			);
			name = Frameworks;
			sourceTree = "<group>";
		};
		8E94FE9021C4A89F00F2230D = {
			isa = PBXGroup;
			children = (
				8E94FE9B21C4A89F00F2230D /* RealIine */,
				8E94FE9A21C4A89F00F2230D /* Products */,
				14F1EBC51E904CB8FA051AA2 /* Pods */,
				708D19C50A8BEF2652610DE4 /* Frameworks */,
			);
			sourceTree = "<group>";
		};
		8E94FE9A21C4A89F00F2230D /* Products */ = {
			isa = PBXGroup;
			children = (
				8E94FE9921C4A89F00F2230D /* RealIine.app */,
			);
			name = Products;
			sourceTree = "<group>";
		};
		8E94FE9B21C4A89F00F2230D /* RealIine */ = {
			isa = PBXGroup;
			children = (
				8E94FE9C21C4A89F00F2230D /* AppDelegate.swift */,
				8E94FE9E21C4A89F00F2230D /* ViewController.swift */,
				8E94FEA021C4A89F00F2230D /* Main.storyboard */,
				8E94FEAE21C4AECC00F2230D /* SettingViewController.swift */,
				8E94FEA321C4A89F00F2230D /* Assets.xcassets */,
				8E94FEA521C4A89F00F2230D /* LaunchScreen.storyboard */,
				8E94FEA821C4A89F00F2230D /* Info.plist */,
			);
			path = RealIine;
			sourceTree = "<group>";
		};
/* End PBXGroup section */

/* Begin PBXNativeTarget section */
		8E94FE9821C4A89F00F2230D /* RealIine */ = {
			isa = PBXNativeTarget;
			buildConfigurationList = 8E94FEAB21C4A89F00F2230D /* Build configuration list for PBXNativeTarget "RealIine" */;
			buildPhases = (
				366BA65296CF9688135381AE /* [CP] Check Pods Manifest.lock */,
				8E94FE9521C4A89F00F2230D /* Sources */,
				8E94FE9621C4A89F00F2230D /* Frameworks */,
				8E94FE9721C4A89F00F2230D /* Resources */,
				4765B9E04B805E60F5A3F21F /* [CP] Embed Pods Frameworks */,
			);
			buildRules = (
			);
			dependencies = (
			);
			name = RealIine;
			productName = RealIine;
			productReference = 8E94FE9921C4A89F00F2230D /* RealIine.app */;
			productType = "com.apple.product-type.application";
		};
/* End PBXNativeTarget section */

/* Begin PBXProject section */
		8E94FE9121C4A89F00F2230D /* Project object */ = {
			isa = PBXProject;
			attributes = {
				LastSwiftUpdateCheck = 1010;
				LastUpgradeCheck = 1010;
				ORGANIZATIONNAME = "Swift-Beginners";
				TargetAttributes = {
					8E94FE9821C4A89F00F2230D = {
						CreatedOnToolsVersion = 10.1;
					};
				};
			};
			buildConfigurationList = 8E94FE9421C4A89F00F2230D /* Build configuration list for PBXProject "RealIine" */;
			compatibilityVersion = "Xcode 9.3";
			developmentRegion = en;
			hasScannedForEncodings = 0;
			knownRegions = (
				en,
				Base,
			);
			mainGroup = 8E94FE9021C4A89F00F2230D;
			productRefGroup = 8E94FE9A21C4A89F00F2230D /* Products */;
			projectDirPath = "";
			projectRoot = "";
			targets = (
				8E94FE9821C4A89F00F2230D /* RealIine */,
			);
		};
/* End PBXProject section */

/* Begin PBXResourcesBuildPhase section */
		8E94FE9721C4A89F00F2230D /* Resources */ = {
			isa = PBXResourcesBuildPhase;
			buildActionMask = 2147483647;
			files = (
				8E94FEA721C4A89F00F2230D /* LaunchScreen.storyboard in Resources */,
				8E94FEA421C4A89F00F2230D /* Assets.xcassets in Resources */,
				8E94FEA221C4A89F00F2230D /* Main.storyboard in Resources */,
			);
			runOnlyForDeploymentPostprocessing = 0;
		};
/* End PBXResourcesBuildPhase section */

/* Begin PBXShellScriptBuildPhase section */
		366BA65296CF9688135381AE /* [CP] Check Pods Manifest.lock */ = {
			isa = PBXShellScriptBuildPhase;
			buildActionMask = 2147483647;
			files = (
			);
			inputFileListPaths = (
			);
			inputPaths = (
				"${PODS_PODFILE_DIR_PATH}/Podfile.lock",
				"${PODS_ROOT}/Manifest.lock",
			);
			name = "[CP] Check Pods Manifest.lock";
			outputFileListPaths = (
			);
			outputPaths = (
				"$(DERIVED_FILE_DIR)/Pods-RealIine-checkManifestLockResult.txt",
			);
			runOnlyForDeploymentPostprocessing = 0;
			shellPath = /bin/sh;
			shellScript = "diff \"${PODS_PODFILE_DIR_PATH}/Podfile.lock\" \"${PODS_ROOT}/Manifest.lock\" > /dev/null\nif [ $? != 0 ] ; then\n    # print error to STDERR\n    echo \"error: The sandbox is not in sync with the Podfile.lock. Run 'pod install' or update your CocoaPods installation.\" >&2\n    exit 1\nfi\n# This output is used by Xcode 'outputs' to avoid re-running this script phase.\necho \"SUCCESS\" > \"${SCRIPT_OUTPUT_FILE_0}\"\n";
			showEnvVarsInLog = 0;
		};
		4765B9E04B805E60F5A3F21F /* [CP] Embed Pods Frameworks */ = {
			isa = PBXShellScriptBuildPhase;
			buildActionMask = 2147483647;
			files = (
			);
			inputFileListPaths = (
			);
			inputPaths = (
				"${SRCROOT}/Pods/Target Support Files/Pods-RealIine/Pods-RealIine-frameworks.sh",
				"${BUILT_PRODUCTS_DIR}/AWSCognito/AWSCognito.framework",
				"${BUILT_PRODUCTS_DIR}/AWSCore/AWSCore.framework",
				"${BUILT_PRODUCTS_DIR}/AWSEC2/AWSEC2.framework",
				"${BUILT_PRODUCTS_DIR}/AWSS3/AWSS3.framework",
			);
			name = "[CP] Embed Pods Frameworks";
			outputFileListPaths = (
			);
			outputPaths = (
				"${TARGET_BUILD_DIR}/${FRAMEWORKS_FOLDER_PATH}/AWSCognito.framework",
				"${TARGET_BUILD_DIR}/${FRAMEWORKS_FOLDER_PATH}/AWSCore.framework",
				"${TARGET_BUILD_DIR}/${FRAMEWORKS_FOLDER_PATH}/AWSEC2.framework",
				"${TARGET_BUILD_DIR}/${FRAMEWORKS_FOLDER_PATH}/AWSS3.framework",
			);
			runOnlyForDeploymentPostprocessing = 0;
			shellPath = /bin/sh;
			shellScript = "\"${SRCROOT}/Pods/Target Support Files/Pods-RealIine/Pods-RealIine-frameworks.sh\"\n";
			showEnvVarsInLog = 0;
		};
/* End PBXShellScriptBuildPhase section */

/* Begin PBXSourcesBuildPhase section */
		8E94FE9521C4A89F00F2230D /* Sources */ = {
			isa = PBXSourcesBuildPhase;
			buildActionMask = 2147483647;
			files = (
				8E94FE9F21C4A89F00F2230D /* ViewController.swift in Sources */,
				8E94FE9D21C4A89F00F2230D /* AppDelegate.swift in Sources */,
				8E94FEAF21C4AECC00F2230D /* SettingViewController.swift in Sources */,
			);
			runOnlyForDeploymentPostprocessing = 0;
		};
/* End PBXSourcesBuildPhase section */

/* Begin PBXVariantGroup section */
		8E94FEA021C4A89F00F2230D /* Main.storyboard */ = {
			isa = PBXVariantGroup;
			children = (
				8E94FEA121C4A89F00F2230D /* Base */,
			);
			name = Main.storyboard;
			sourceTree = "<group>";
		};
		8E94FEA521C4A89F00F2230D /* LaunchScreen.storyboard */ = {
			isa = PBXVariantGroup;
			children = (
				8E94FEA621C4A89F00F2230D /* Base */,
			);
			name = LaunchScreen.storyboard;
			sourceTree = "<group>";
		};
/* End PBXVariantGroup section */

/* Begin XCBuildConfiguration section */
		8E94FEA921C4A89F00F2230D /* Debug */ = {
			isa = XCBuildConfiguration;
			buildSettings = {
				ALWAYS_SEARCH_USER_PATHS = NO;
				CLANG_ANALYZER_NONNULL = YES;
				CLANG_ANALYZER_NUMBER_OBJECT_CONVERSION = YES_AGGRESSIVE;
				CLANG_CXX_LANGUAGE_STANDARD = "gnu++14";
				CLANG_CXX_LIBRARY = "libc++";
				CLANG_ENABLE_MODULES = YES;
				CLANG_ENABLE_OBJC_ARC = YES;
				CLANG_ENABLE_OBJC_WEAK = YES;
				CLANG_WARN_BLOCK_CAPTURE_AUTORELEASING = YES;
				CLANG_WARN_BOOL_CONVERSION = YES;
				CLANG_WARN_COMMA = YES;
				CLANG_WARN_CONSTANT_CONVERSION = YES;
				CLANG_WARN_DEPRECATED_OBJC_IMPLEMENTATIONS = YES;
				CLANG_WARN_DIRECT_OBJC_ISA_USAGE = YES_ERROR;
				CLANG_WARN_DOCUMENTATION_COMMENTS = YES;
				CLANG_WARN_EMPTY_BODY = YES;
				CLANG_WARN_ENUM_CONVERSION = YES;
				CLANG_WARN_INFINITE_RECURSION = YES;
				CLANG_WARN_INT_CONVERSION = YES;
				CLANG_WARN_NON_LITERAL_NULL_CONVERSION = YES;
				CLANG_WARN_OBJC_IMPLICIT_RETAIN_SELF = YES;
				CLANG_WARN_OBJC_LITERAL_CONVERSION = YES;
				CLANG_WARN_OBJC_ROOT_CLASS = YES_ERROR;
				CLANG_WARN_RANGE_LOOP_ANALYSIS = YES;
				CLANG_WARN_STRICT_PROTOTYPES = YES;
				CLANG_WARN_SUSPICIOUS_MOVE = YES;
				CLANG_WARN_UNGUARDED_AVAILABILITY = YES_AGGRESSIVE;
				CLANG_WARN_UNREACHABLE_CODE = YES;
				CLANG_WARN__DUPLICATE_METHOD_MATCH = YES;
				CODE_SIGN_IDENTITY = "iPhone Developer";
				COPY_PHASE_STRIP = NO;
				DEBUG_INFORMATION_FORMAT = dwarf;
				ENABLE_STRICT_OBJC_MSGSEND = YES;
				ENABLE_TESTABILITY = YES;
				GCC_C_LANGUAGE_STANDARD = gnu11;
				GCC_DYNAMIC_NO_PIC = NO;
				GCC_NO_COMMON_BLOCKS = YES;
				GCC_OPTIMIZATION_LEVEL = 0;
				GCC_PREPROCESSOR_DEFINITIONS = (
					"DEBUG=1",
					"$(inherited)",
				);
				GCC_WARN_64_TO_32_BIT_CONVERSION = YES;
				GCC_WARN_ABOUT_RETURN_TYPE = YES_ERROR;
				GCC_WARN_UNDECLARED_SELECTOR = YES;
				GCC_WARN_UNINITIALIZED_AUTOS = YES_AGGRESSIVE;
				GCC_WARN_UNUSED_FUNCTION = YES;
				GCC_WARN_UNUSED_VARIABLE = YES;
				IPHONEOS_DEPLOYMENT_TARGET = 12.1;
				MTL_ENABLE_DEBUG_INFO = INCLUDE_SOURCE;
				MTL_FAST_MATH = YES;
				ONLY_ACTIVE_ARCH = YES;
				SDKROOT = iphoneos;
				SWIFT_ACTIVE_COMPILATION_CONDITIONS = DEBUG;
				SWIFT_OPTIMIZATION_LEVEL = "-Onone";
			};
			name = Debug;
		};
		8E94FEAA21C4A89F00F2230D /* Release */ = {
			isa = XCBuildConfiguration;
			buildSettings = {
				ALWAYS_SEARCH_USER_PATHS = NO;
				CLANG_ANALYZER_NONNULL = YES;
				CLANG_ANALYZER_NUMBER_OBJECT_CONVERSION = YES_AGGRESSIVE;
				CLANG_CXX_LANGUAGE_STANDARD = "gnu++14";
				CLANG_CXX_LIBRARY = "libc++";
				CLANG_ENABLE_MODULES = YES;
				CLANG_ENABLE_OBJC_ARC = YES;
				CLANG_ENABLE_OBJC_WEAK = YES;
				CLANG_WARN_BLOCK_CAPTURE_AUTORELEASING = YES;
				CLANG_WARN_BOOL_CONVERSION = YES;
				CLANG_WARN_COMMA = YES;
				CLANG_WARN_CONSTANT_CONVERSION = YES;
				CLANG_WARN_DEPRECATED_OBJC_IMPLEMENTATIONS = YES;
				CLANG_WARN_DIRECT_OBJC_ISA_USAGE = YES_ERROR;
				CLANG_WARN_DOCUMENTATION_COMMENTS = YES;
				CLANG_WARN_EMPTY_BODY = YES;
				CLANG_WARN_ENUM_CONVERSION = YES;
				CLANG_WARN_INFINITE_RECURSION = YES;
				CLANG_WARN_INT_CONVERSION = YES;
				CLANG_WARN_NON_LITERAL_NULL_CONVERSION = YES;
				CLANG_WARN_OBJC_IMPLICIT_RETAIN_SELF = YES;
				CLANG_WARN_OBJC_LITERAL_CONVERSION = YES;
				CLANG_WARN_OBJC_ROOT_CLASS = YES_ERROR;
				CLANG_WARN_RANGE_LOOP_ANALYSIS = YES;
				CLANG_WARN_STRICT_PROTOTYPES = YES;
				CLANG_WARN_SUSPICIOUS_MOVE = YES;
				CLANG_WARN_UNGUARDED_AVAILABILITY = YES_AGGRESSIVE;
				CLANG_WARN_UNREACHABLE_CODE = YES;
				CLANG_WARN__DUPLICATE_METHOD_MATCH = YES;
				CODE_SIGN_IDENTITY = "iPhone Developer";
				COPY_PHASE_STRIP = NO;
				DEBUG_INFORMATION_FORMAT = "dwarf-with-dsym";
				ENABLE_NS_ASSERTIONS = NO;
				ENABLE_STRICT_OBJC_MSGSEND = YES;
				GCC_C_LANGUAGE_STANDARD = gnu11;
				GCC_NO_COMMON_BLOCKS = YES;
				GCC_WARN_64_TO_32_BIT_CONVERSION = YES;
				GCC_WARN_ABOUT_RETURN_TYPE = YES_ERROR;
				GCC_WARN_UNDECLARED_SELECTOR = YES;
				GCC_WARN_UNINITIALIZED_AUTOS = YES_AGGRESSIVE;
				GCC_WARN_UNUSED_FUNCTION = YES;
				GCC_WARN_UNUSED_VARIABLE = YES;
				IPHONEOS_DEPLOYMENT_TARGET = 12.1;
				MTL_ENABLE_DEBUG_INFO = NO;
				MTL_FAST_MATH = YES;
				SDKROOT = iphoneos;
				SWIFT_COMPILATION_MODE = wholemodule;
				SWIFT_OPTIMIZATION_LEVEL = "-O";
				VALIDATE_PRODUCT = YES;
			};
			name = Release;
		};
		8E94FEAC21C4A89F00F2230D /* Debug */ = {
			isa = XCBuildConfiguration;
			baseConfigurationReference = BF4C8A0801C80E4FF75BA90E /* Pods-RealIine.debug.xcconfig */;
			buildSettings = {
				ASSETCATALOG_COMPILER_APPICON_NAME = AppIcon;
				CODE_SIGN_IDENTITY = "iPhone Developer";
				CODE_SIGN_STYLE = Automatic;
				DEVELOPMENT_TEAM = B864JYCC9R;
				INFOPLIST_FILE = RealIine/Info.plist;
				LD_RUNPATH_SEARCH_PATHS = (
					"$(inherited)",
					"@executable_path/Frameworks",
				);
				PRODUCT_BUNDLE_IDENTIFIER = urakawa.shinichi.RealIine;
				PRODUCT_NAME = "$(TARGET_NAME)";
				PROVISIONING_PROFILE_SPECIFIER = "";
				SWIFT_VERSION = 4.2;
				TARGETED_DEVICE_FAMILY = 1;
			};
			name = Debug;
		};
		8E94FEAD21C4A89F00F2230D /* Release */ = {
			isa = XCBuildConfiguration;
			baseConfigurationReference = C673076C2A642E3927AEAFE0 /* Pods-RealIine.release.xcconfig */;
			buildSettings = {
				ASSETCATALOG_COMPILER_APPICON_NAME = AppIcon;
				CODE_SIGN_IDENTITY = "iPhone Developer";
				CODE_SIGN_STYLE = Automatic;
				DEVELOPMENT_TEAM = B864JYCC9R;
				INFOPLIST_FILE = RealIine/Info.plist;
				LD_RUNPATH_SEARCH_PATHS = (
					"$(inherited)",
					"@executable_path/Frameworks",
				);
				PRODUCT_BUNDLE_IDENTIFIER = urakawa.shinichi.RealIine;
				PRODUCT_NAME = "$(TARGET_NAME)";
				PROVISIONING_PROFILE_SPECIFIER = "";
				SWIFT_VERSION = 4.2;
				TARGETED_DEVICE_FAMILY = 1;
			};
			name = Release;
		};
/* End XCBuildConfiguration section */

/* Begin XCConfigurationList section */
		8E94FE9421C4A89F00F2230D /* Build configuration list for PBXProject "RealIine" */ = {
			isa = XCConfigurationList;
			buildConfigurations = (
				8E94FEA921C4A89F00F2230D /* Debug */,
				8E94FEAA21C4A89F00F2230D /* Release */,
			);
			defaultConfigurationIsVisible = 0;
			defaultConfigurationName = Release;
		};
		8E94FEAB21C4A89F00F2230D /* Build configuration list for PBXNativeTarget "RealIine" */ = {
			isa = XCConfigurationList;
			buildConfigurations = (
				8E94FEAC21C4A89F00F2230D /* Debug */,
				8E94FEAD21C4A89F00F2230D /* Release */,
			);
			defaultConfigurationIsVisible = 0;
			defaultConfigurationName = Release;
		};
/* End XCConfigurationList section */
	};
	rootObject = 8E94FE9121C4A89F00F2230D /* Project object */;
}
